
Microsoft Visual Studio Solution File, Format Version 12.00
# Visual Studio 15
VisualStudioVersion = 15.0.27703.2047
MinimumVisualStudioVersion = 10.0.40219.1
Project("{FAE04EC0-301F-11D3-BF4B-00C04F79EFBC}") = "consultaService", "consultaService\consultaService.csproj", "{881D8E4E-0F2E-4DC9-956D-3ED773692428}"
EndProject
Global
	GlobalSection(SolutionConfigurationPlatforms) = preSolution
		Debug|Any CPU = Debug|Any CPU
		Release|Any CPU = Release|Any CPU
	EndGlobalSection
	GlobalSection(ProjectConfigurationPlatforms) = postSolution
		{881D8E4E-0F2E-4DC9-956D-3ED773692428}.Debug|Any CPU.ActiveCfg = Debug|Any CPU
		{881D8E4E-0F2E-4DC9-956D-3ED773692428}.Debug|Any CPU.Build.0 = Debug|Any CPU
		{881D8E4E-0F2E-4DC9-956D-3ED773692428}.Release|Any CPU.ActiveCfg = Release|Any CPU
		{881D8E4E-0F2E-4DC9-956D-3ED773692428}.Release|Any CPU.Build.0 = Release|Any CPU
	EndGlobalSection
	GlobalSection(SolutionProperties) = preSolution
		HideSolutionNode = FALSE
	EndGlobalSection
	GlobalSection(ExtensibilityGlobals) = postSolution
		SolutionGuid = {4E0E673A-7C1D-4410-BC61-4E80A19C5B52}
	EndGlobalSection
EndGlobal
